
Microsoft Visual Studio Solution File, Format Version 12.00
# Visual Studio 14
VisualStudioVersion = 14.0.25420.1
MinimumVisualStudioVersion = 10.0.40219.1
Project("{FAE04EC0-301F-11D3-BF4B-00C04F79EFBC}") = "FilmGestion", "FilmGestion\FilmGestion.csproj", "{937DED9E-E20F-49B5-9D23-28C011D28BBC}"
EndProject
Project("{FAE04EC0-301F-11D3-BF4B-00C04F79EFBC}") = "BiblioGestionFilms", "BiblioGestionFilms\BiblioGestionFilms.csproj", "{D58B76B7-5AAE-48B3-914B-8D1CC0AD4119}"
EndProject
Global
	GlobalSection(SolutionConfigurationPlatforms) = preSolution
		Debug|Any CPU = Debug|Any CPU
		Release|Any CPU = Release|Any CPU
	EndGlobalSection
	GlobalSection(ProjectConfigurationPlatforms) = postSolution
		{937DED9E-E20F-49B5-9D23-28C011D28BBC}.Debug|Any CPU.ActiveCfg = Debug|Any CPU
		{937DED9E-E20F-49B5-9D23-28C011D28BBC}.Debug|Any CPU.Build.0 = Debug|Any CPU
		{937DED9E-E20F-49B5-9D23-28C011D28BBC}.Release|Any CPU.ActiveCfg = Release|Any CPU
		{937DED9E-E20F-49B5-9D23-28C011D28BBC}.Release|Any CPU.Build.0 = Release|Any CPU
		{D58B76B7-5AAE-48B3-914B-8D1CC0AD4119}.Debug|Any CPU.ActiveCfg = Debug|Any CPU
		{D58B76B7-5AAE-48B3-914B-8D1CC0AD4119}.Debug|Any CPU.Build.0 = Debug|Any CPU
		{D58B76B7-5AAE-48B3-914B-8D1CC0AD4119}.Release|Any CPU.ActiveCfg = Release|Any CPU
		{D58B76B7-5AAE-48B3-914B-8D1CC0AD4119}.Release|Any CPU.Build.0 = Release|Any CPU
	EndGlobalSection
	GlobalSection(SolutionProperties) = preSolution
		HideSolutionNode = FALSE
	EndGlobalSection
EndGlobal
